// !$*UTF8*$!
{
	archiveVersion = 1;
	classes = {
	};
	objectVersion = 46;
	objects = {

/* Begin PBXBuildFile section */
		714640521CB5B0B700C387D2 /* main.m in Sources */ = {isa = PBXBuildFile; fileRef = 714640511CB5B0B700C387D2 /* main.m */; };
		714640551CB5B0B700C387D2 /* AppDelegate.m in Sources */ = {isa = PBXBuildFile; fileRef = 714640541CB5B0B700C387D2 /* AppDelegate.m */; };
		714640581CB5B0B700C387D2 /* ViewController.m in Sources */ = {isa = PBXBuildFile; fileRef = 714640571CB5B0B700C387D2 /* ViewController.m */; };
		7146405B1CB5B0B700C387D2 /* Main.storyboard in Resources */ = {isa = PBXBuildFile; fileRef = 714640591CB5B0B700C387D2 /* Main.storyboard */; };
		7146405D1CB5B0B700C387D2 /* Assets.xcassets in Resources */ = {isa = PBXBuildFile; fileRef = 7146405C1CB5B0B700C387D2 /* Assets.xcassets */; };
		714640601CB5B0B700C387D2 /* LaunchScreen.storyboard in Resources */ = {isa = PBXBuildFile; fileRef = 7146405E1CB5B0B700C387D2 /* LaunchScreen.storyboard */; };
/* End PBXBuildFile section */

/* Begin PBXFileReference section */
		7146404D1CB5B0B700C387D2 /* NumberTable.app */ = {isa = PBXFileReference; explicitFileType = wrapper.application; includeInIndex = 0; path = NumberTable.app; sourceTree = BUILT_PRODUCTS_DIR; };
		714640511CB5B0B700C387D2 /* main.m */ = {isa = PBXFileReference; lastKnownFileType = sourcecode.c.objc; path = main.m; sourceTree = "<group>"; };
		714640531CB5B0B700C387D2 /* AppDelegate.h */ = {isa = PBXFileReference; lastKnownFileType = sourcecode.c.h; path = AppDelegate.h; sourceTree = "<group>"; };
		714640541CB5B0B700C387D2 /* AppDelegate.m */ = {isa = PBXFileReference; lastKnownFileType = sourcecode.c.objc; path = AppDelegate.m; sourceTree = "<group>"; };
		714640561CB5B0B700C387D2 /* ViewController.h */ = {isa = PBXFileReference; lastKnownFileType = sourcecode.c.h; path = ViewController.h; sourceTree = "<group>"; };
		714640571CB5B0B700C387D2 /* ViewController.m */ = {isa = PBXFileReference; lastKnownFileType = sourcecode.c.objc; path = ViewController.m; sourceTree = "<group>"; };
		7146405A1CB5B0B700C387D2 /* Base */ = {isa = PBXFileReference; lastKnownFileType = file.storyboard; name = Base; path = Base.lproj/Main.storyboard; sourceTree = "<group>"; };
		7146405C1CB5B0B700C387D2 /* Assets.xcassets */ = {isa = PBXFileReference; lastKnownFileType = folder.assetcatalog; path = Assets.xcassets; sourceTree = "<group>"; };
		7146405F1CB5B0B700C387D2 /* Base */ = {isa = PBXFileReference; lastKnownFileType = file.storyboard; name = Base; path = Base.lproj/LaunchScreen.storyboard; sourceTree = "<group>"; };
		714640611CB5B0B700C387D2 /* Info.plist */ = {isa = PBXFileReference; lastKnownFileType = text.plist.xml; path = Info.plist; sourceTree = "<group>"; };
/* End PBXFileReference section */

/* Begin PBXFrameworksBuildPhase section */
		7146404A1CB5B0B700C387D2 /* Frameworks */ = {
			isa = PBXFrameworksBuildPhase;
			buildActionMask = 2147483647;
			files = (
			);
			runOnlyForDeploymentPostprocessing = 0;
		};
/* End PBXFrameworksBuildPhase section */

/* Begin PBXGroup section */
		714640441CB5B0B700C387D2 = {
			isa = PBXGroup;
			children = (
				7146404F1CB5B0B700C387D2 /* NumberTable */,
				7146404E1CB5B0B700C387D2 /* Products */,
			);
			sourceTree = "<group>";
		};
		7146404E1CB5B0B700C387D2 /* Products */ = {
			isa = PBXGroup;
			children = (
				7146404D1CB5B0B700C387D2 /* NumberTable.app */,
			);
			name = Products;
			sourceTree = "<group>";
		};
		7146404F1CB5B0B700C387D2 /* NumberTable */ = {
			isa = PBXGroup;
			children = (
				714640531CB5B0B700C387D2 /* AppDelegate.h */,
				714640541CB5B0B700C387D2 /* AppDelegate.m */,
				714640561CB5B0B700C387D2 /* ViewController.h */,
				714640571CB5B0B700C387D2 /* ViewController.m */,
				714640591CB5B0B700C387D2 /* Main.storyboard */,
				7146405C1CB5B0B700C387D2 /* Assets.xcassets */,
				7146405E1CB5B0B700C387D2 /* LaunchScreen.storyboard */,
				714640611CB5B0B700C387D2 /* Info.plist */,
				714640501CB5B0B700C387D2 /* Supporting Files */,
			);
			path = NumberTable;
			sourceTree = "<group>";
		};
		714640501CB5B0B700C387D2 /* Supporting Files */ = {
			isa = PBXGroup;
			children = (
				714640511CB5B0B700C387D2 /* main.m */,
			);
			name = "Supporting Files";
			sourceTree = "<group>";
		};
/* End PBXGroup section */

/* Begin PBXNativeTarget section */
		7146404C1CB5B0B700C387D2 /* NumberTable */ = {
			isa = PBXNativeTarget;
			buildConfigurationList = 714640641CB5B0B700C387D2 /* Build configuration list for PBXNativeTarget "NumberTable" */;
			buildPhases = (
				714640491CB5B0B700C387D2 /* Sources */,
				7146404A1CB5B0B700C387D2 /* Frameworks */,
				7146404B1CB5B0B700C387D2 /* Resources */,
			);
			buildRules = (
			);
			dependencies = (
			);
			name = NumberTable;
			productName = NumberTable;
			productReference = 7146404D1CB5B0B700C387D2 /* NumberTable.app */;
			productType = "com.apple.product-type.application";
		};
/* End PBXNativeTarget section */

/* Begin PBXProject section */
		714640451CB5B0B700C387D2 /* Project object */ = {
			isa = PBXProject;
			attributes = {
				LastUpgradeCheck = 0730;
				ORGANIZATIONNAME = "Tejashree Deshpande";
				TargetAttributes = {
					7146404C1CB5B0B700C387D2 = {
						CreatedOnToolsVersion = 7.3;
					};
				};
			};
			buildConfigurationList = 714640481CB5B0B700C387D2 /* Build configuration list for PBXProject "NumberTable" */;
			compatibilityVersion = "Xcode 3.2";
			developmentRegion = English;
			hasScannedForEncodings = 0;
			knownRegions = (
				en,
				Base,
			);
			mainGroup = 714640441CB5B0B700C387D2;
			productRefGroup = 7146404E1CB5B0B700C387D2 /* Products */;
			projectDirPath = "";
			projectRoot = "";
			targets = (
				7146404C1CB5B0B700C387D2 /* NumberTable */,
			);
		};
/* End PBXProject section */

/* Begin PBXResourcesBuildPhase section */
		7146404B1CB5B0B700C387D2 /* Resources */ = {
			isa = PBXResourcesBuildPhase;
			buildActionMask = 2147483647;
			files = (
				714640601CB5B0B700C387D2 /* LaunchScreen.storyboard in Resources */,
				7146405D1CB5B0B700C387D2 /* Assets.xcassets in Resources */,
				7146405B1CB5B0B700C387D2 /* Main.storyboard in Resources */,
			);
			runOnlyForDeploymentPostprocessing = 0;
		};
/* End PBXResourcesBuildPhase section */

/* Begin PBXSourcesBuildPhase section */
		714640491CB5B0B700C387D2 /* Sources */ = {
			isa = PBXSourcesBuildPhase;
			buildActionMask = 2147483647;
			files = (
				714640581CB5B0B700C387D2 /* ViewController.m in Sources */,
				714640551CB5B0B700C387D2 /* AppDelegate.m in Sources */,
				714640521CB5B0B700C387D2 /* main.m in Sources */,
			);
			runOnlyForDeploymentPostprocessing = 0;
		};
/* End PBXSourcesBuildPhase section */

/* Begin PBXVariantGroup section */
		714640591CB5B0B700C387D2 /* Main.storyboard */ = {
			isa = PBXVariantGroup;
			children = (
				7146405A1CB5B0B700C387D2 /* Base */,
			);
			name = Main.storyboard;
			sourceTree = "<group>";
		};
		7146405E1CB5B0B700C387D2 /* LaunchScreen.storyboard */ = {
			isa = PBXVariantGroup;
			children = (
				7146405F1CB5B0B700C387D2 /* Base */,
			);
			name = LaunchScreen.storyboard;
			sourceTree = "<group>";
		};
/* End PBXVariantGroup section */

/* Begin XCBuildConfiguration section */
		714640621CB5B0B700C387D2 /* Debug */ = {
			isa = XCBuildConfiguration;
			buildSettings = {
				ALWAYS_SEARCH_USER_PATHS = NO;
				CLANG_ANALYZER_NONNULL = YES;
				CLANG_CXX_LANGUAGE_STANDARD = "gnu++0x";
				CLANG_CXX_LIBRARY = "libc++";
				CLANG_ENABLE_MODULES = YES;
				CLANG_ENABLE_OBJC_ARC = YES;
				CLANG_WARN_BOOL_CONVERSION = YES;
				CLANG_WARN_CONSTANT_CONVERSION = YES;
				CLANG_WARN_DIRECT_OBJC_ISA_USAGE = YES_ERROR;
				CLANG_WARN_EMPTY_BODY = YES;
				CLANG_WARN_ENUM_CONVERSION = YES;
				CLANG_WARN_INT_CONVERSION = YES;
				CLANG_WARN_OBJC_ROOT_CLASS = YES_ERROR;
				CLANG_WARN_UNREACHABLE_CODE = YES;
				CLANG_WARN__DUPLICATE_METHOD_MATCH = YES;
				"CODE_SIGN_IDENTITY[sdk=iphoneos*]" = "iPhone Developer";
				COPY_PHASE_STRIP = NO;
				DEBUG_INFORMATION_FORMAT = dwarf;
				ENABLE_STRICT_OBJC_MSGSEND = YES;
				ENABLE_TESTABILITY = YES;
				GCC_C_LANGUAGE_STANDARD = gnu99;
				GCC_DYNAMIC_NO_PIC = NO;
				GCC_NO_COMMON_BLOCKS = YES;
				GCC_OPTIMIZATION_LEVEL = 0;
				GCC_PREPROCESSOR_DEFINITIONS = (
					"DEBUG=1",
					"$(inherited)",
				);
				GCC_WARN_64_TO_32_BIT_CONVERSION = YES;
				GCC_WARN_ABOUT_RETURN_TYPE = YES_ERROR;
				GCC_WARN_UNDECLARED_SELECTOR = YES;
				GCC_WARN_UNINITIALIZED_AUTOS = YES_AGGRESSIVE;
				GCC_WARN_UNUSED_FUNCTION = YES;
				GCC_WARN_UNUSED_VARIABLE = YES;
				IPHONEOS_DEPLOYMENT_TARGET = 9.3;
				MTL_ENABLE_DEBUG_INFO = YES;
				ONLY_ACTIVE_ARCH = YES;
				SDKROOT = iphoneos;
				TARGETED_DEVICE_FAMILY = "1,2";
			};
			name = Debug;
		};
		714640631CB5B0B700C387D2 /* Release */ = {
			isa = XCBuildConfiguration;
			buildSettings = {
				ALWAYS_SEARCH_USER_PATHS = NO;
				CLANG_ANALYZER_NONNULL = YES;
				CLANG_CXX_LANGUAGE_STANDARD = "gnu++0x";
				CLANG_CXX_LIBRARY = "libc++";
				CLANG_ENABLE_MODULES = YES;
				CLANG_ENABLE_OBJC_ARC = YES;
				CLANG_WARN_BOOL_CONVERSION = YES;
				CLANG_WARN_CONSTANT_CONVERSION = YES;
				CLANG_WARN_DIRECT_OBJC_ISA_USAGE = YES_ERROR;
				CLANG_WARN_EMPTY_BODY = YES;
				CLANG_WARN_ENUM_CONVERSION = YES;
				CLANG_WARN_INT_CONVERSION = YES;
				CLANG_WARN_OBJC_ROOT_CLASS = YES_ERROR;
				CLANG_WARN_UNREACHABLE_CODE = YES;
				CLANG_WARN__DUPLICATE_METHOD_MATCH = YES;
				"CODE_SIGN_IDENTITY[sdk=iphoneos*]" = "iPhone Developer";
				COPY_PHASE_STRIP = NO;
				DEBUG_INFORMATION_FORMAT = "dwarf-with-dsym";
				ENABLE_NS_ASSERTIONS = NO;
				ENABLE_STRICT_OBJC_MSGSEND = YES;
				GCC_C_LANGUAGE_STANDARD = gnu99;
				GCC_NO_COMMON_BLOCKS = YES;
				GCC_WARN_64_TO_32_BIT_CONVERSION = YES;
				GCC_WARN_ABOUT_RETURN_TYPE = YES_ERROR;
				GCC_WARN_UNDECLARED_SELECTOR = YES;
				GCC_WARN_UNINITIALIZED_AUTOS = YES_AGGRESSIVE;
				GCC_WARN_UNUSED_FUNCTION = YES;
				GCC_WARN_UNUSED_VARIABLE = YES;
				IPHONEOS_DEPLOYMENT_TARGET = 9.3;
				MTL_ENABLE_DEBUG_INFO = NO;
				SDKROOT = iphoneos;
				TARGETED_DEVICE_FAMILY = "1,2";
				VALIDATE_PRODUCT = YES;
			};
			name = Release;
		};
		714640651CB5B0B700C387D2 /* Debug */ = {
			isa = XCBuildConfiguration;
			buildSettings = {
				ASSETCATALOG_COMPILER_APPICON_NAME = AppIcon;
				INFOPLIST_FILE = NumberTable/Info.plist;
				LD_RUNPATH_SEARCH_PATHS = "$(inherited) @executable_path/Frameworks";
				PRODUCT_BUNDLE_IDENTIFIER = com.example.NumberTable;
				PRODUCT_NAME = "$(TARGET_NAME)";
			};
			name = Debug;
		};
		714640661CB5B0B700C387D2 /* Release */ = {
			isa = XCBuildConfiguration;
			buildSettings = {
				ASSETCATALOG_COMPILER_APPICON_NAME = AppIcon;
				INFOPLIST_FILE = NumberTable/Info.plist;
				LD_RUNPATH_SEARCH_PATHS = "$(inherited) @executable_path/Frameworks";
				PRODUCT_BUNDLE_IDENTIFIER = com.example.NumberTable;
				PRODUCT_NAME = "$(TARGET_NAME)";
			};
			name = Release;
		};
/* End XCBuildConfiguration section */

/* Begin XCConfigurationList section */
		714640481CB5B0B700C387D2 /* Build configuration list for PBXProject "NumberTable" */ = {
			isa = XCConfigurationList;
			buildConfigurations = (
				714640621CB5B0B700C387D2 /* Debug */,
				714640631CB5B0B700C387D2 /* Release */,
			);
			defaultConfigurationIsVisible = 0;
			defaultConfigurationName = Release;
		};
		714640641CB5B0B700C387D2 /* Build configuration list for PBXNativeTarget "NumberTable" */ = {
			isa = XCConfigurationList;
			buildConfigurations = (
				714640651CB5B0B700C387D2 /* Debug */,
				714640661CB5B0B700C387D2 /* Release */,
			);
			defaultConfigurationIsVisible = 0;
		};
/* End XCConfigurationList section */
	};
	rootObject = 714640451CB5B0B700C387D2 /* Project object */;
}
